
Microsoft Visual Studio Solution File, Format Version 12.00
# Visual Studio Version 17
VisualStudioVersion = 17.0.32112.339
MinimumVisualStudioVersion = 10.0.40219.1
Project("{FAE04EC0-301F-11D3-BF4B-00C04F79EFBC}") = "Filippenko_CSharp_AQA_TEST(Trainee)", "Filippenko_CSharp_AQA_TEST(Trainee).csproj", "{AE8DB75C-2340-4294-AA16-D3A08665F147}"
EndProject
Global
	GlobalSection(SolutionConfigurationPlatforms) = preSolution
		Debug|Any CPU = Debug|Any CPU
		Release|Any CPU = Release|Any CPU
	EndGlobalSection
	GlobalSection(ProjectConfigurationPlatforms) = postSolution
		{AE8DB75C-2340-4294-AA16-D3A08665F147}.Debug|Any CPU.ActiveCfg = Debug|Any CPU
		{AE8DB75C-2340-4294-AA16-D3A08665F147}.Debug|Any CPU.Build.0 = Debug|Any CPU
		{AE8DB75C-2340-4294-AA16-D3A08665F147}.Release|Any CPU.ActiveCfg = Release|Any CPU
		{AE8DB75C-2340-4294-AA16-D3A08665F147}.Release|Any CPU.Build.0 = Release|Any CPU
	EndGlobalSection
	GlobalSection(SolutionProperties) = preSolution
		HideSolutionNode = FALSE
	EndGlobalSection
	GlobalSection(ExtensibilityGlobals) = postSolution
		SolutionGuid = {473DA8E4-322E-43DB-B552-40BA84A1A8EB}
	EndGlobalSection
EndGlobal
